
Microsoft Visual Studio Solution File, Format Version 12.00
# Visual Studio Version 17
VisualStudioVersion = 17.14.36811.4
MinimumVisualStudioVersion = 10.0.40219.1
Project("{FAE04EC0-301F-11D3-BF4B-00C04F79EFBC}") = "E-Commerce.API", "E-Commerce.API\E-Commerce.API.csproj", "{410071E2-2064-4D7A-BF56-61CD05CF3CA4}"
EndProject
Project("{FAE04EC0-301F-11D3-BF4B-00C04F79EFBC}") = "E-Commerce.Core", "E-Commerce.Core\E-Commerce.Core.csproj", "{A2E13A40-8531-481E-9630-F0B1BD6C8F98}"
EndProject
Project("{FAE04EC0-301F-11D3-BF4B-00C04F79EFBC}") = "E-Commerce.Infrastructure", "E-Commerce.Infrastructure\E-Commerce.Infrastructure.csproj", "{5CD36DD2-FB52-4271-8FB5-4DF181BD8D82}"
EndProject
Global
	GlobalSection(SolutionConfigurationPlatforms) = preSolution
		Debug|Any CPU = Debug|Any CPU
		Release|Any CPU = Release|Any CPU
	EndGlobalSection
	GlobalSection(ProjectConfigurationPlatforms) = postSolution
		{410071E2-2064-4D7A-BF56-61CD05CF3CA4}.Debug|Any CPU.ActiveCfg = Debug|Any CPU
		{410071E2-2064-4D7A-BF56-61CD05CF3CA4}.Debug|Any CPU.Build.0 = Debug|Any CPU
		{410071E2-2064-4D7A-BF56-61CD05CF3CA4}.Release|Any CPU.ActiveCfg = Release|Any CPU
		{410071E2-2064-4D7A-BF56-61CD05CF3CA4}.Release|Any CPU.Build.0 = Release|Any CPU
		{A2E13A40-8531-481E-9630-F0B1BD6C8F98}.Debug|Any CPU.ActiveCfg = Debug|Any CPU
		{A2E13A40-8531-481E-9630-F0B1BD6C8F98}.Debug|Any CPU.Build.0 = Debug|Any CPU
		{A2E13A40-8531-481E-9630-F0B1BD6C8F98}.Release|Any CPU.ActiveCfg = Release|Any CPU
		{A2E13A40-8531-481E-9630-F0B1BD6C8F98}.Release|Any CPU.Build.0 = Release|Any CPU
		{5CD36DD2-FB52-4271-8FB5-4DF181BD8D82}.Debug|Any CPU.ActiveCfg = Debug|Any CPU
		{5CD36DD2-FB52-4271-8FB5-4DF181BD8D82}.Debug|Any CPU.Build.0 = Debug|Any CPU
		{5CD36DD2-FB52-4271-8FB5-4DF181BD8D82}.Release|Any CPU.ActiveCfg = Release|Any CPU
		{5CD36DD2-FB52-4271-8FB5-4DF181BD8D82}.Release|Any CPU.Build.0 = Release|Any CPU
	EndGlobalSection
	GlobalSection(SolutionProperties) = preSolution
		HideSolutionNode = FALSE
	EndGlobalSection
	GlobalSection(ExtensibilityGlobals) = postSolution
		SolutionGuid = {1ACF8DED-4365-4B9E-B8BB-C406791B528C}
	EndGlobalSection
EndGlobal
